// !$*UTF8*$!
{
	archiveVersion = 1;
	classes = {
	};
	objectVersion = 56;
	objects = {

/* Begin PBXBuildFile section */
		353186322C2C7B5A00549524 /* FamtureHandsOnApp.swift in Sources */ = {isa = PBXBuildFile; fileRef = 353186312C2C7B5A00549524 /* FamtureHandsOnApp.swift */; };
		353186342C2C7B5A00549524 /* ContentView.swift in Sources */ = {isa = PBXBuildFile; fileRef = 353186332C2C7B5A00549524 /* ContentView.swift */; };
		353186362C2C7B5C00549524 /* Assets.xcassets in Resources */ = {isa = PBXBuildFile; fileRef = 353186352C2C7B5C00549524 /* Assets.xcassets */; };
		353186392C2C7B5C00549524 /* Preview Assets.xcassets in Resources */ = {isa = PBXBuildFile; fileRef = 353186382C2C7B5C00549524 /* Preview Assets.xcassets */; };
		353186432C2C7B5C00549524 /* FamtureHandsOnTests.swift in Sources */ = {isa = PBXBuildFile; fileRef = 353186422C2C7B5C00549524 /* FamtureHandsOnTests.swift */; };
		3531864D2C2C7B5C00549524 /* FamtureHandsOnUITests.swift in Sources */ = {isa = PBXBuildFile; fileRef = 3531864C2C2C7B5C00549524 /* FamtureHandsOnUITests.swift */; };
		3531864F2C2C7B5C00549524 /* FamtureHandsOnUITestsLaunchTests.swift in Sources */ = {isa = PBXBuildFile; fileRef = 3531864E2C2C7B5C00549524 /* FamtureHandsOnUITestsLaunchTests.swift */; };
		354383F72C2F31300031D124 /* Course.swift in Sources */ = {isa = PBXBuildFile; fileRef = 354383F62C2F31300031D124 /* Course.swift */; };
		354383F92C2F33EB0031D124 /* Material.swift in Sources */ = {isa = PBXBuildFile; fileRef = 354383F82C2F33EB0031D124 /* Material.swift */; };
/* End PBXBuildFile section */

/* Begin PBXContainerItemProxy section */
		3531863F2C2C7B5C00549524 /* PBXContainerItemProxy */ = {
			isa = PBXContainerItemProxy;
			containerPortal = 353186262C2C7B5A00549524 /* Project object */;
			proxyType = 1;
			remoteGlobalIDString = 3531862D2C2C7B5A00549524;
			remoteInfo = FamtureHandsOn;
		};
		353186492C2C7B5C00549524 /* PBXContainerItemProxy */ = {
			isa = PBXContainerItemProxy;
			containerPortal = 353186262C2C7B5A00549524 /* Project object */;
			proxyType = 1;
			remoteGlobalIDString = 3531862D2C2C7B5A00549524;
			remoteInfo = FamtureHandsOn;
		};
/* End PBXContainerItemProxy section */

/* Begin PBXFileReference section */
		3531862E2C2C7B5A00549524 /* FamtureHandsOn.app */ = {isa = PBXFileReference; explicitFileType = wrapper.application; includeInIndex = 0; path = FamtureHandsOn.app; sourceTree = BUILT_PRODUCTS_DIR; };
		353186312C2C7B5A00549524 /* FamtureHandsOnApp.swift */ = {isa = PBXFileReference; lastKnownFileType = sourcecode.swift; path = FamtureHandsOnApp.swift; sourceTree = "<group>"; };
		353186332C2C7B5A00549524 /* ContentView.swift */ = {isa = PBXFileReference; lastKnownFileType = sourcecode.swift; path = ContentView.swift; sourceTree = "<group>"; };
		353186352C2C7B5C00549524 /* Assets.xcassets */ = {isa = PBXFileReference; lastKnownFileType = folder.assetcatalog; path = Assets.xcassets; sourceTree = "<group>"; };
		353186382C2C7B5C00549524 /* Preview Assets.xcassets */ = {isa = PBXFileReference; lastKnownFileType = folder.assetcatalog; path = "Preview Assets.xcassets"; sourceTree = "<group>"; };
		3531863E2C2C7B5C00549524 /* FamtureHandsOnTests.xctest */ = {isa = PBXFileReference; explicitFileType = wrapper.cfbundle; includeInIndex = 0; path = FamtureHandsOnTests.xctest; sourceTree = BUILT_PRODUCTS_DIR; };
		353186422C2C7B5C00549524 /* FamtureHandsOnTests.swift */ = {isa = PBXFileReference; lastKnownFileType = sourcecode.swift; path = FamtureHandsOnTests.swift; sourceTree = "<group>"; };
		353186482C2C7B5C00549524 /* FamtureHandsOnUITests.xctest */ = {isa = PBXFileReference; explicitFileType = wrapper.cfbundle; includeInIndex = 0; path = FamtureHandsOnUITests.xctest; sourceTree = BUILT_PRODUCTS_DIR; };
		3531864C2C2C7B5C00549524 /* FamtureHandsOnUITests.swift */ = {isa = PBXFileReference; lastKnownFileType = sourcecode.swift; path = FamtureHandsOnUITests.swift; sourceTree = "<group>"; };
		3531864E2C2C7B5C00549524 /* FamtureHandsOnUITestsLaunchTests.swift */ = {isa = PBXFileReference; lastKnownFileType = sourcecode.swift; path = FamtureHandsOnUITestsLaunchTests.swift; sourceTree = "<group>"; };
		354383F62C2F31300031D124 /* Course.swift */ = {isa = PBXFileReference; lastKnownFileType = sourcecode.swift; path = Course.swift; sourceTree = "<group>"; };
		354383F82C2F33EB0031D124 /* Material.swift */ = {isa = PBXFileReference; lastKnownFileType = sourcecode.swift; path = Material.swift; sourceTree = "<group>"; };
/* End PBXFileReference section */

/* Begin PBXFrameworksBuildPhase section */
		3531862B2C2C7B5A00549524 /* Frameworks */ = {
			isa = PBXFrameworksBuildPhase;
			buildActionMask = 2147483647;
			files = (
			);
			runOnlyForDeploymentPostprocessing = 0;
		};
		3531863B2C2C7B5C00549524 /* Frameworks */ = {
			isa = PBXFrameworksBuildPhase;
			buildActionMask = 2147483647;
			files = (
			);
			runOnlyForDeploymentPostprocessing = 0;
		};
		353186452C2C7B5C00549524 /* Frameworks */ = {
			isa = PBXFrameworksBuildPhase;
			buildActionMask = 2147483647;
			files = (
			);
			runOnlyForDeploymentPostprocessing = 0;
		};
/* End PBXFrameworksBuildPhase section */

/* Begin PBXGroup section */
		353186252C2C7B5A00549524 = {
			isa = PBXGroup;
			children = (
				353186302C2C7B5A00549524 /* FamtureHandsOn */,
				353186412C2C7B5C00549524 /* FamtureHandsOnTests */,
				3531864B2C2C7B5C00549524 /* FamtureHandsOnUITests */,
				3531862F2C2C7B5A00549524 /* Products */,
			);
			sourceTree = "<group>";
		};
		3531862F2C2C7B5A00549524 /* Products */ = {
			isa = PBXGroup;
			children = (
				3531862E2C2C7B5A00549524 /* FamtureHandsOn.app */,
				3531863E2C2C7B5C00549524 /* FamtureHandsOnTests.xctest */,
				353186482C2C7B5C00549524 /* FamtureHandsOnUITests.xctest */,
			);
			name = Products;
			sourceTree = "<group>";
		};
		353186302C2C7B5A00549524 /* FamtureHandsOn */ = {
			isa = PBXGroup;
			children = (
				354383F52C2F310E0031D124 /* Models */,
				353186312C2C7B5A00549524 /* FamtureHandsOnApp.swift */,
				353186332C2C7B5A00549524 /* ContentView.swift */,
				353186352C2C7B5C00549524 /* Assets.xcassets */,
				353186372C2C7B5C00549524 /* Preview Content */,
			);
			path = FamtureHandsOn;
			sourceTree = "<group>";
		};
		353186372C2C7B5C00549524 /* Preview Content */ = {
			isa = PBXGroup;
			children = (
				353186382C2C7B5C00549524 /* Preview Assets.xcassets */,
			);
			path = "Preview Content";
			sourceTree = "<group>";
		};
		353186412C2C7B5C00549524 /* FamtureHandsOnTests */ = {
			isa = PBXGroup;
			children = (
				353186422C2C7B5C00549524 /* FamtureHandsOnTests.swift */,
			);
			path = FamtureHandsOnTests;
			sourceTree = "<group>";
		};
		3531864B2C2C7B5C00549524 /* FamtureHandsOnUITests */ = {
			isa = PBXGroup;
			children = (
				3531864C2C2C7B5C00549524 /* FamtureHandsOnUITests.swift */,
				3531864E2C2C7B5C00549524 /* FamtureHandsOnUITestsLaunchTests.swift */,
			);
			path = FamtureHandsOnUITests;
			sourceTree = "<group>";
		};
		354383F52C2F310E0031D124 /* Models */ = {
			isa = PBXGroup;
			children = (
				354383F62C2F31300031D124 /* Course.swift */,
				354383F82C2F33EB0031D124 /* Material.swift */,
			);
			path = Models;
			sourceTree = "<group>";
		};
/* End PBXGroup section */

/* Begin PBXNativeTarget section */
		3531862D2C2C7B5A00549524 /* FamtureHandsOn */ = {
			isa = PBXNativeTarget;
			buildConfigurationList = 353186522C2C7B5C00549524 /* Build configuration list for PBXNativeTarget "FamtureHandsOn" */;
			buildPhases = (
				3531862A2C2C7B5A00549524 /* Sources */,
				3531862B2C2C7B5A00549524 /* Frameworks */,
				3531862C2C2C7B5A00549524 /* Resources */,
			);
			buildRules = (
			);
			dependencies = (
			);
			name = FamtureHandsOn;
			productName = FamtureHandsOn;
			productReference = 3531862E2C2C7B5A00549524 /* FamtureHandsOn.app */;
			productType = "com.apple.product-type.application";
		};
		3531863D2C2C7B5C00549524 /* FamtureHandsOnTests */ = {
			isa = PBXNativeTarget;
			buildConfigurationList = 353186552C2C7B5C00549524 /* Build configuration list for PBXNativeTarget "FamtureHandsOnTests" */;
			buildPhases = (
				3531863A2C2C7B5C00549524 /* Sources */,
				3531863B2C2C7B5C00549524 /* Frameworks */,
				3531863C2C2C7B5C00549524 /* Resources */,
			);
			buildRules = (
			);
			dependencies = (
				353186402C2C7B5C00549524 /* PBXTargetDependency */,
			);
			name = FamtureHandsOnTests;
			productName = FamtureHandsOnTests;
			productReference = 3531863E2C2C7B5C00549524 /* FamtureHandsOnTests.xctest */;
			productType = "com.apple.product-type.bundle.unit-test";
		};
		353186472C2C7B5C00549524 /* FamtureHandsOnUITests */ = {
			isa = PBXNativeTarget;
			buildConfigurationList = 353186582C2C7B5C00549524 /* Build configuration list for PBXNativeTarget "FamtureHandsOnUITests" */;
			buildPhases = (
				353186442C2C7B5C00549524 /* Sources */,
				353186452C2C7B5C00549524 /* Frameworks */,
				353186462C2C7B5C00549524 /* Resources */,
			);
			buildRules = (
			);
			dependencies = (
				3531864A2C2C7B5C00549524 /* PBXTargetDependency */,
			);
			name = FamtureHandsOnUITests;
			productName = FamtureHandsOnUITests;
			productReference = 353186482C2C7B5C00549524 /* FamtureHandsOnUITests.xctest */;
			productType = "com.apple.product-type.bundle.ui-testing";
		};
/* End PBXNativeTarget section */

/* Begin PBXProject section */
		353186262C2C7B5A00549524 /* Project object */ = {
			isa = PBXProject;
			attributes = {
				BuildIndependentTargetsInParallel = 1;
				LastSwiftUpdateCheck = 1540;
				LastUpgradeCheck = 1540;
				TargetAttributes = {
					3531862D2C2C7B5A00549524 = {
						CreatedOnToolsVersion = 15.4;
					};
					3531863D2C2C7B5C00549524 = {
						CreatedOnToolsVersion = 15.4;
						TestTargetID = 3531862D2C2C7B5A00549524;
					};
					353186472C2C7B5C00549524 = {
						CreatedOnToolsVersion = 15.4;
						TestTargetID = 3531862D2C2C7B5A00549524;
					};
				};
			};
			buildConfigurationList = 353186292C2C7B5A00549524 /* Build configuration list for PBXProject "FamtureHandsOn" */;
			compatibilityVersion = "Xcode 14.0";
			developmentRegion = en;
			hasScannedForEncodings = 0;
			knownRegions = (
				en,
				Base,
			);
			mainGroup = 353186252C2C7B5A00549524;
			productRefGroup = 3531862F2C2C7B5A00549524 /* Products */;
			projectDirPath = "";
			projectRoot = "";
			targets = (
				3531862D2C2C7B5A00549524 /* FamtureHandsOn */,
				3531863D2C2C7B5C00549524 /* FamtureHandsOnTests */,
				353186472C2C7B5C00549524 /* FamtureHandsOnUITests */,
			);
		};
/* End PBXProject section */

/* Begin PBXResourcesBuildPhase section */
		3531862C2C2C7B5A00549524 /* Resources */ = {
			isa = PBXResourcesBuildPhase;
			buildActionMask = 2147483647;
			files = (
				353186392C2C7B5C00549524 /* Preview Assets.xcassets in Resources */,
				353186362C2C7B5C00549524 /* Assets.xcassets in Resources */,
			);
			runOnlyForDeploymentPostprocessing = 0;
		};
		3531863C2C2C7B5C00549524 /* Resources */ = {
			isa = PBXResourcesBuildPhase;
			buildActionMask = 2147483647;
			files = (
			);
			runOnlyForDeploymentPostprocessing = 0;
		};
		353186462C2C7B5C00549524 /* Resources */ = {
			isa = PBXResourcesBuildPhase;
			buildActionMask = 2147483647;
			files = (
			);
			runOnlyForDeploymentPostprocessing = 0;
		};
/* End PBXResourcesBuildPhase section */

/* Begin PBXSourcesBuildPhase section */
		3531862A2C2C7B5A00549524 /* Sources */ = {
			isa = PBXSourcesBuildPhase;
			buildActionMask = 2147483647;
			files = (
				354383F92C2F33EB0031D124 /* Material.swift in Sources */,
				354383F72C2F31300031D124 /* Course.swift in Sources */,
				353186342C2C7B5A00549524 /* ContentView.swift in Sources */,
				353186322C2C7B5A00549524 /* FamtureHandsOnApp.swift in Sources */,
			);
			runOnlyForDeploymentPostprocessing = 0;
		};
		3531863A2C2C7B5C00549524 /* Sources */ = {
			isa = PBXSourcesBuildPhase;
			buildActionMask = 2147483647;
			files = (
				353186432C2C7B5C00549524 /* FamtureHandsOnTests.swift in Sources */,
			);
			runOnlyForDeploymentPostprocessing = 0;
		};
		353186442C2C7B5C00549524 /* Sources */ = {
			isa = PBXSourcesBuildPhase;
			buildActionMask = 2147483647;
			files = (
				3531864D2C2C7B5C00549524 /* FamtureHandsOnUITests.swift in Sources */,
				3531864F2C2C7B5C00549524 /* FamtureHandsOnUITestsLaunchTests.swift in Sources */,
			);
			runOnlyForDeploymentPostprocessing = 0;
		};
/* End PBXSourcesBuildPhase section */

/* Begin PBXTargetDependency section */
		353186402C2C7B5C00549524 /* PBXTargetDependency */ = {
			isa = PBXTargetDependency;
			target = 3531862D2C2C7B5A00549524 /* FamtureHandsOn */;
			targetProxy = 3531863F2C2C7B5C00549524 /* PBXContainerItemProxy */;
		};
		3531864A2C2C7B5C00549524 /* PBXTargetDependency */ = {
			isa = PBXTargetDependency;
			target = 3531862D2C2C7B5A00549524 /* FamtureHandsOn */;
			targetProxy = 353186492C2C7B5C00549524 /* PBXContainerItemProxy */;
		};
/* End PBXTargetDependency section */

/* Begin XCBuildConfiguration section */
		353186502C2C7B5C00549524 /* Debug */ = {
			isa = XCBuildConfiguration;
			buildSettings = {
				ALWAYS_SEARCH_USER_PATHS = NO;
				ASSETCATALOG_COMPILER_GENERATE_SWIFT_ASSET_SYMBOL_EXTENSIONS = YES;
				CLANG_ANALYZER_NONNULL = YES;
				CLANG_ANALYZER_NUMBER_OBJECT_CONVERSION = YES_AGGRESSIVE;
				CLANG_CXX_LANGUAGE_STANDARD = "gnu++20";
				CLANG_ENABLE_MODULES = YES;
				CLANG_ENABLE_OBJC_ARC = YES;
				CLANG_ENABLE_OBJC_WEAK = YES;
				CLANG_WARN_BLOCK_CAPTURE_AUTORELEASING = YES;
				CLANG_WARN_BOOL_CONVERSION = YES;
				CLANG_WARN_COMMA = YES;
				CLANG_WARN_CONSTANT_CONVERSION = YES;
				CLANG_WARN_DEPRECATED_OBJC_IMPLEMENTATIONS = YES;
				CLANG_WARN_DIRECT_OBJC_ISA_USAGE = YES_ERROR;
				CLANG_WARN_DOCUMENTATION_COMMENTS = YES;
				CLANG_WARN_EMPTY_BODY = YES;
				CLANG_WARN_ENUM_CONVERSION = YES;
				CLANG_WARN_INFINITE_RECURSION = YES;
				CLANG_WARN_INT_CONVERSION = YES;
				CLANG_WARN_NON_LITERAL_NULL_CONVERSION = YES;
				CLANG_WARN_OBJC_IMPLICIT_RETAIN_SELF = YES;
				CLANG_WARN_OBJC_LITERAL_CONVERSION = YES;
				CLANG_WARN_OBJC_ROOT_CLASS = YES_ERROR;
				CLANG_WARN_QUOTED_INCLUDE_IN_FRAMEWORK_HEADER = YES;
				CLANG_WARN_RANGE_LOOP_ANALYSIS = YES;
				CLANG_WARN_STRICT_PROTOTYPES = YES;
				CLANG_WARN_SUSPICIOUS_MOVE = YES;
				CLANG_WARN_UNGUARDED_AVAILABILITY = YES_AGGRESSIVE;
				CLANG_WARN_UNREACHABLE_CODE = YES;
				CLANG_WARN__DUPLICATE_METHOD_MATCH = YES;
				COPY_PHASE_STRIP = NO;
				DEBUG_INFORMATION_FORMAT = dwarf;
				ENABLE_STRICT_OBJC_MSGSEND = YES;
				ENABLE_TESTABILITY = YES;
				ENABLE_USER_SCRIPT_SANDBOXING = YES;
				GCC_C_LANGUAGE_STANDARD = gnu17;
				GCC_DYNAMIC_NO_PIC = NO;
				GCC_NO_COMMON_BLOCKS = YES;
				GCC_OPTIMIZATION_LEVEL = 0;
				GCC_PREPROCESSOR_DEFINITIONS = (
					"DEBUG=1",
					"$(inherited)",
				);
				GCC_WARN_64_TO_32_BIT_CONVERSION = YES;
				GCC_WARN_ABOUT_RETURN_TYPE = YES_ERROR;
				GCC_WARN_UNDECLARED_SELECTOR = YES;
				GCC_WARN_UNINITIALIZED_AUTOS = YES_AGGRESSIVE;
				GCC_WARN_UNUSED_FUNCTION = YES;
				GCC_WARN_UNUSED_VARIABLE = YES;
				IPHONEOS_DEPLOYMENT_TARGET = 17.5;
				LOCALIZATION_PREFERS_STRING_CATALOGS = YES;
				MTL_ENABLE_DEBUG_INFO = INCLUDE_SOURCE;
				MTL_FAST_MATH = YES;
				ONLY_ACTIVE_ARCH = YES;
				SDKROOT = iphoneos;
				SWIFT_ACTIVE_COMPILATION_CONDITIONS = "DEBUG $(inherited)";
				SWIFT_OPTIMIZATION_LEVEL = "-Onone";
			};
			name = Debug;
		};
		353186512C2C7B5C00549524 /* Release */ = {
			isa = XCBuildConfiguration;
			buildSettings = {
				ALWAYS_SEARCH_USER_PATHS = NO;
				ASSETCATALOG_COMPILER_GENERATE_SWIFT_ASSET_SYMBOL_EXTENSIONS = YES;
				CLANG_ANALYZER_NONNULL = YES;
				CLANG_ANALYZER_NUMBER_OBJECT_CONVERSION = YES_AGGRESSIVE;
				CLANG_CXX_LANGUAGE_STANDARD = "gnu++20";
				CLANG_ENABLE_MODULES = YES;
				CLANG_ENABLE_OBJC_ARC = YES;
				CLANG_ENABLE_OBJC_WEAK = YES;
				CLANG_WARN_BLOCK_CAPTURE_AUTORELEASING = YES;
				CLANG_WARN_BOOL_CONVERSION = YES;
				CLANG_WARN_COMMA = YES;
				CLANG_WARN_CONSTANT_CONVERSION = YES;
				CLANG_WARN_DEPRECATED_OBJC_IMPLEMENTATIONS = YES;
				CLANG_WARN_DIRECT_OBJC_ISA_USAGE = YES_ERROR;
				CLANG_WARN_DOCUMENTATION_COMMENTS = YES;
				CLANG_WARN_EMPTY_BODY = YES;
				CLANG_WARN_ENUM_CONVERSION = YES;
				CLANG_WARN_INFINITE_RECURSION = YES;
				CLANG_WARN_INT_CONVERSION = YES;
				CLANG_WARN_NON_LITERAL_NULL_CONVERSION = YES;
				CLANG_WARN_OBJC_IMPLICIT_RETAIN_SELF = YES;
				CLANG_WARN_OBJC_LITERAL_CONVERSION = YES;
				CLANG_WARN_OBJC_ROOT_CLASS = YES_ERROR;
				CLANG_WARN_QUOTED_INCLUDE_IN_FRAMEWORK_HEADER = YES;
				CLANG_WARN_RANGE_LOOP_ANALYSIS = YES;
				CLANG_WARN_STRICT_PROTOTYPES = YES;
				CLANG_WARN_SUSPICIOUS_MOVE = YES;
				CLANG_WARN_UNGUARDED_AVAILABILITY = YES_AGGRESSIVE;
				CLANG_WARN_UNREACHABLE_CODE = YES;
				CLANG_WARN__DUPLICATE_METHOD_MATCH = YES;
				COPY_PHASE_STRIP = NO;
				DEBUG_INFORMATION_FORMAT = "dwarf-with-dsym";
				ENABLE_NS_ASSERTIONS = NO;
				ENABLE_STRICT_OBJC_MSGSEND = YES;
				ENABLE_USER_SCRIPT_SANDBOXING = YES;
				GCC_C_LANGUAGE_STANDARD = gnu17;
				GCC_NO_COMMON_BLOCKS = YES;
				GCC_WARN_64_TO_32_BIT_CONVERSION = YES;
				GCC_WARN_ABOUT_RETURN_TYPE = YES_ERROR;
				GCC_WARN_UNDECLARED_SELECTOR = YES;
				GCC_WARN_UNINITIALIZED_AUTOS = YES_AGGRESSIVE;
				GCC_WARN_UNUSED_FUNCTION = YES;
				GCC_WARN_UNUSED_VARIABLE = YES;
				IPHONEOS_DEPLOYMENT_TARGET = 17.5;
				LOCALIZATION_PREFERS_STRING_CATALOGS = YES;
				MTL_ENABLE_DEBUG_INFO = NO;
				MTL_FAST_MATH = YES;
				SDKROOT = iphoneos;
				SWIFT_COMPILATION_MODE = wholemodule;
				VALIDATE_PRODUCT = YES;
			};
			name = Release;
		};
		353186532C2C7B5C00549524 /* Debug */ = {
			isa = XCBuildConfiguration;
			buildSettings = {
				ASSETCATALOG_COMPILER_APPICON_NAME = AppIcon;
				ASSETCATALOG_COMPILER_GLOBAL_ACCENT_COLOR_NAME = AccentColor;
				CODE_SIGN_STYLE = Automatic;
				CURRENT_PROJECT_VERSION = 1;
				DEVELOPMENT_ASSET_PATHS = "\"FamtureHandsOn/Preview Content\"";
				DEVELOPMENT_TEAM = 58ZDJQ3ZCY;
				ENABLE_PREVIEWS = YES;
				GENERATE_INFOPLIST_FILE = YES;
				INFOPLIST_KEY_UIApplicationSceneManifest_Generation = YES;
				INFOPLIST_KEY_UIApplicationSupportsIndirectInputEvents = YES;
				INFOPLIST_KEY_UILaunchScreen_Generation = YES;
				INFOPLIST_KEY_UISupportedInterfaceOrientations_iPad = "UIInterfaceOrientationPortrait UIInterfaceOrientationPortraitUpsideDown UIInterfaceOrientationLandscapeLeft UIInterfaceOrientationLandscapeRight";
				INFOPLIST_KEY_UISupportedInterfaceOrientations_iPhone = "UIInterfaceOrientationPortrait UIInterfaceOrientationLandscapeLeft UIInterfaceOrientationLandscapeRight";
				LD_RUNPATH_SEARCH_PATHS = (
					"$(inherited)",
					"@executable_path/Frameworks",
				);
				MARKETING_VERSION = 1.0;
				PRODUCT_BUNDLE_IDENTIFIER = com.famture.FamtureHandsOn;
				PRODUCT_NAME = "$(TARGET_NAME)";
				SWIFT_EMIT_LOC_STRINGS = YES;
				SWIFT_VERSION = 5.0;
				TARGETED_DEVICE_FAMILY = "1,2";
			};
			name = Debug;
		};
		353186542C2C7B5C00549524 /* Release */ = {
			isa = XCBuildConfiguration;
			buildSettings = {
				ASSETCATALOG_COMPILER_APPICON_NAME = AppIcon;
				ASSETCATALOG_COMPILER_GLOBAL_ACCENT_COLOR_NAME = AccentColor;
				CODE_SIGN_STYLE = Automatic;
				CURRENT_PROJECT_VERSION = 1;
				DEVELOPMENT_ASSET_PATHS = "\"FamtureHandsOn/Preview Content\"";
				DEVELOPMENT_TEAM = 58ZDJQ3ZCY;
				ENABLE_PREVIEWS = YES;
				GENERATE_INFOPLIST_FILE = YES;
				INFOPLIST_KEY_UIApplicationSceneManifest_Generation = YES;
				INFOPLIST_KEY_UIApplicationSupportsIndirectInputEvents = YES;
				INFOPLIST_KEY_UILaunchScreen_Generation = YES;
				INFOPLIST_KEY_UISupportedInterfaceOrientations_iPad = "UIInterfaceOrientationPortrait UIInterfaceOrientationPortraitUpsideDown UIInterfaceOrientationLandscapeLeft UIInterfaceOrientationLandscapeRight";
				INFOPLIST_KEY_UISupportedInterfaceOrientations_iPhone = "UIInterfaceOrientationPortrait UIInterfaceOrientationLandscapeLeft UIInterfaceOrientationLandscapeRight";
				LD_RUNPATH_SEARCH_PATHS = (
					"$(inherited)",
					"@executable_path/Frameworks",
				);
				MARKETING_VERSION = 1.0;
				PRODUCT_BUNDLE_IDENTIFIER = com.famture.FamtureHandsOn;
				PRODUCT_NAME = "$(TARGET_NAME)";
				SWIFT_EMIT_LOC_STRINGS = YES;
				SWIFT_VERSION = 5.0;
				TARGETED_DEVICE_FAMILY = "1,2";
			};
			name = Release;
		};
		353186562C2C7B5C00549524 /* Debug */ = {
			isa = XCBuildConfiguration;
			buildSettings = {
				ALWAYS_EMBED_SWIFT_STANDARD_LIBRARIES = YES;
				BUNDLE_LOADER = "$(TEST_HOST)";
				CODE_SIGN_STYLE = Automatic;
				CURRENT_PROJECT_VERSION = 1;
				DEVELOPMENT_TEAM = 58ZDJQ3ZCY;
				GENERATE_INFOPLIST_FILE = YES;
				IPHONEOS_DEPLOYMENT_TARGET = 17.5;
				MARKETING_VERSION = 1.0;
				PRODUCT_BUNDLE_IDENTIFIER = com.famture.FamtureHandsOnTests;
				PRODUCT_NAME = "$(TARGET_NAME)";
				SWIFT_EMIT_LOC_STRINGS = NO;
				SWIFT_VERSION = 5.0;
				TARGETED_DEVICE_FAMILY = "1,2";
				TEST_HOST = "$(BUILT_PRODUCTS_DIR)/FamtureHandsOn.app/$(BUNDLE_EXECUTABLE_FOLDER_PATH)/FamtureHandsOn";
			};
			name = Debug;
		};
		353186572C2C7B5C00549524 /* Release */ = {
			isa = XCBuildConfiguration;
			buildSettings = {
				ALWAYS_EMBED_SWIFT_STANDARD_LIBRARIES = YES;
				BUNDLE_LOADER = "$(TEST_HOST)";
				CODE_SIGN_STYLE = Automatic;
				CURRENT_PROJECT_VERSION = 1;
				DEVELOPMENT_TEAM = 58ZDJQ3ZCY;
				GENERATE_INFOPLIST_FILE = YES;
				IPHONEOS_DEPLOYMENT_TARGET = 17.5;
				MARKETING_VERSION = 1.0;
				PRODUCT_BUNDLE_IDENTIFIER = com.famture.FamtureHandsOnTests;
				PRODUCT_NAME = "$(TARGET_NAME)";
				SWIFT_EMIT_LOC_STRINGS = NO;
				SWIFT_VERSION = 5.0;
				TARGETED_DEVICE_FAMILY = "1,2";
				TEST_HOST = "$(BUILT_PRODUCTS_DIR)/FamtureHandsOn.app/$(BUNDLE_EXECUTABLE_FOLDER_PATH)/FamtureHandsOn";
			};
			name = Release;
		};
		353186592C2C7B5C00549524 /* Debug */ = {
			isa = XCBuildConfiguration;
			buildSettings = {
				ALWAYS_EMBED_SWIFT_STANDARD_LIBRARIES = YES;
				CODE_SIGN_STYLE = Automatic;
				CURRENT_PROJECT_VERSION = 1;
				DEVELOPMENT_TEAM = 58ZDJQ3ZCY;
				GENERATE_INFOPLIST_FILE = YES;
				MARKETING_VERSION = 1.0;
				PRODUCT_BUNDLE_IDENTIFIER = com.famture.FamtureHandsOnUITests;
				PRODUCT_NAME = "$(TARGET_NAME)";
				SWIFT_EMIT_LOC_STRINGS = NO;
				SWIFT_VERSION = 5.0;
				TARGETED_DEVICE_FAMILY = "1,2";
				TEST_TARGET_NAME = FamtureHandsOn;
			};
			name = Debug;
		};
		3531865A2C2C7B5C00549524 /* Release */ = {
			isa = XCBuildConfiguration;
			buildSettings = {
				ALWAYS_EMBED_SWIFT_STANDARD_LIBRARIES = YES;
				CODE_SIGN_STYLE = Automatic;
				CURRENT_PROJECT_VERSION = 1;
				DEVELOPMENT_TEAM = 58ZDJQ3ZCY;
				GENERATE_INFOPLIST_FILE = YES;
				MARKETING_VERSION = 1.0;
				PRODUCT_BUNDLE_IDENTIFIER = com.famture.FamtureHandsOnUITests;
				PRODUCT_NAME = "$(TARGET_NAME)";
				SWIFT_EMIT_LOC_STRINGS = NO;
				SWIFT_VERSION = 5.0;
				TARGETED_DEVICE_FAMILY = "1,2";
				TEST_TARGET_NAME = FamtureHandsOn;
			};
			name = Release;
		};
/* End XCBuildConfiguration section */

/* Begin XCConfigurationList section */
		353186292C2C7B5A00549524 /* Build configuration list for PBXProject "FamtureHandsOn" */ = {
			isa = XCConfigurationList;
			buildConfigurations = (
				353186502C2C7B5C00549524 /* Debug */,
				353186512C2C7B5C00549524 /* Release */,
			);
			defaultConfigurationIsVisible = 0;
			defaultConfigurationName = Release;
		};
		353186522C2C7B5C00549524 /* Build configuration list for PBXNativeTarget "FamtureHandsOn" */ = {
			isa = XCConfigurationList;
			buildConfigurations = (
				353186532C2C7B5C00549524 /* Debug */,
				353186542C2C7B5C00549524 /* Release */,
			);
			defaultConfigurationIsVisible = 0;
			defaultConfigurationName = Release;
		};
		353186552C2C7B5C00549524 /* Build configuration list for PBXNativeTarget "FamtureHandsOnTests" */ = {
			isa = XCConfigurationList;
			buildConfigurations = (
				353186562C2C7B5C00549524 /* Debug */,
				353186572C2C7B5C00549524 /* Release */,
			);
			defaultConfigurationIsVisible = 0;
			defaultConfigurationName = Release;
		};
		353186582C2C7B5C00549524 /* Build configuration list for PBXNativeTarget "FamtureHandsOnUITests" */ = {
			isa = XCConfigurationList;
			buildConfigurations = (
				353186592C2C7B5C00549524 /* Debug */,
				3531865A2C2C7B5C00549524 /* Release */,
			);
			defaultConfigurationIsVisible = 0;
			defaultConfigurationName = Release;
		};
/* End XCConfigurationList section */
	};
	rootObject = 353186262C2C7B5A00549524 /* Project object */;
}
